// !$*UTF8*$!
{
	archiveVersion = 1;
	classes = {
	};
	objectVersion = 56;
	objects = {

/* Begin PBXBuildFile section */
		D006C30A2B98207200D02BD3 /* CartCollabApp.swift in Sources */ = {isa = PBXBuildFile; fileRef = D006C3092B98207200D02BD3 /* CartCollabApp.swift */; };
		D006C30C2B98207200D02BD3 /* ContentView.swift in Sources */ = {isa = PBXBuildFile; fileRef = D006C30B2B98207200D02BD3 /* ContentView.swift */; };
		D006C30E2B98207400D02BD3 /* Assets.xcassets in Resources */ = {isa = PBXBuildFile; fileRef = D006C30D2B98207400D02BD3 /* Assets.xcassets */; };
		D006C3112B98207400D02BD3 /* Preview Assets.xcassets in Resources */ = {isa = PBXBuildFile; fileRef = D006C3102B98207400D02BD3 /* Preview Assets.xcassets */; };
		D09E60102B98C99F00129BEF /* CartListView.swift in Sources */ = {isa = PBXBuildFile; fileRef = D09E600F2B98C99F00129BEF /* CartListView.swift */; };
		D09E60122B98C9F300129BEF /* SigninView.swift in Sources */ = {isa = PBXBuildFile; fileRef = D09E60112B98C9F300129BEF /* SigninView.swift */; };
		D09E60142B98CA8400129BEF /* BottomBar.swift in Sources */ = {isa = PBXBuildFile; fileRef = D09E60132B98CA8400129BEF /* BottomBar.swift */; };
		D0A842FA2B9A25260089F9FF /* Card.swift in Sources */ = {isa = PBXBuildFile; fileRef = D0A842F92B9A25260089F9FF /* Card.swift */; };
/* End PBXBuildFile section */

/* Begin PBXFileReference section */
		D006C3062B98207200D02BD3 /* CartCollab.app */ = {isa = PBXFileReference; explicitFileType = wrapper.application; includeInIndex = 0; path = CartCollab.app; sourceTree = BUILT_PRODUCTS_DIR; };
		D006C3092B98207200D02BD3 /* CartCollabApp.swift */ = {isa = PBXFileReference; lastKnownFileType = sourcecode.swift; path = CartCollabApp.swift; sourceTree = "<group>"; };
		D006C30B2B98207200D02BD3 /* ContentView.swift */ = {isa = PBXFileReference; lastKnownFileType = sourcecode.swift; path = ContentView.swift; sourceTree = "<group>"; };
		D006C30D2B98207400D02BD3 /* Assets.xcassets */ = {isa = PBXFileReference; lastKnownFileType = folder.assetcatalog; path = Assets.xcassets; sourceTree = "<group>"; };
		D006C3102B98207400D02BD3 /* Preview Assets.xcassets */ = {isa = PBXFileReference; lastKnownFileType = folder.assetcatalog; path = "Preview Assets.xcassets"; sourceTree = "<group>"; };
		D09E600F2B98C99F00129BEF /* CartListView.swift */ = {isa = PBXFileReference; lastKnownFileType = sourcecode.swift; path = CartListView.swift; sourceTree = "<group>"; };
		D09E60112B98C9F300129BEF /* SigninView.swift */ = {isa = PBXFileReference; lastKnownFileType = sourcecode.swift; path = SigninView.swift; sourceTree = "<group>"; };
		D09E60132B98CA8400129BEF /* BottomBar.swift */ = {isa = PBXFileReference; lastKnownFileType = sourcecode.swift; path = BottomBar.swift; sourceTree = "<group>"; };
		D0A842F92B9A25260089F9FF /* Card.swift */ = {isa = PBXFileReference; lastKnownFileType = sourcecode.swift; path = Card.swift; sourceTree = "<group>"; };
/* End PBXFileReference section */

/* Begin PBXFrameworksBuildPhase section */
		D006C3032B98207200D02BD3 /* Frameworks */ = {
			isa = PBXFrameworksBuildPhase;
			buildActionMask = 2147483647;
			files = (
			);
			runOnlyForDeploymentPostprocessing = 0;
		};
/* End PBXFrameworksBuildPhase section */

/* Begin PBXGroup section */
		D006C2FD2B98207200D02BD3 = {
			isa = PBXGroup;
			children = (
				D006C3082B98207200D02BD3 /* CartCollab */,
				D006C3072B98207200D02BD3 /* Products */,
			);
			sourceTree = "<group>";
		};
		D006C3072B98207200D02BD3 /* Products */ = {
			isa = PBXGroup;
			children = (
				D006C3062B98207200D02BD3 /* CartCollab.app */,
			);
			name = Products;
			sourceTree = "<group>";
		};
		D006C3082B98207200D02BD3 /* CartCollab */ = {
			isa = PBXGroup;
			children = (
				D09E60092B98C8A800129BEF /* Cart */,
				D006C3172B98418300D02BD3 /* Account */,
				D09E60062B98C7EB00129BEF /* UI */,
				D006C3092B98207200D02BD3 /* CartCollabApp.swift */,
				D006C30B2B98207200D02BD3 /* ContentView.swift */,
				D006C30D2B98207400D02BD3 /* Assets.xcassets */,
				D006C30F2B98207400D02BD3 /* Preview Content */,
			);
			path = CartCollab;
			sourceTree = "<group>";
		};
		D006C30F2B98207400D02BD3 /* Preview Content */ = {
			isa = PBXGroup;
			children = (
				D006C3102B98207400D02BD3 /* Preview Assets.xcassets */,
			);
			path = "Preview Content";
			sourceTree = "<group>";
		};
		D006C3172B98418300D02BD3 /* Account */ = {
			isa = PBXGroup;
			children = (
				D09E600E2B98C93800129BEF /* Models */,
				D09E600D2B98C92D00129BEF /* view */,
				D09E600C2B98C92000129BEF /* Controller */,
			);
			path = Account;
			sourceTree = "<group>";
		};
		D09E60062B98C7EB00129BEF /* UI */ = {
			isa = PBXGroup;
			children = (
				D09E60132B98CA8400129BEF /* BottomBar.swift */,
				D0A842F92B9A25260089F9FF /* Card.swift */,
			);
			path = UI;
			sourceTree = "<group>";
		};
		D09E60072B98C86800129BEF /* Models */ = {
			isa = PBXGroup;
			children = (
			);
			name = Models;
			path = ../Models;
			sourceTree = "<group>";
		};
		D09E60082B98C87500129BEF /* Controllers */ = {
			isa = PBXGroup;
			children = (
			);
			path = Controllers;
			sourceTree = "<group>";
		};
		D09E60092B98C8A800129BEF /* Cart */ = {
			isa = PBXGroup;
			children = (
				D09E60072B98C86800129BEF /* Models */,
				D09E60082B98C87500129BEF /* Controllers */,
				D09E600A2B98C8B800129BEF /* View */,
			);
			path = Cart;
			sourceTree = "<group>";
		};
		D09E600A2B98C8B800129BEF /* View */ = {
			isa = PBXGroup;
			children = (
				D09E600F2B98C99F00129BEF /* CartListView.swift */,
			);
			path = View;
			sourceTree = "<group>";
		};
		D09E600C2B98C92000129BEF /* Controller */ = {
			isa = PBXGroup;
			children = (
			);
			path = Controller;
			sourceTree = "<group>";
		};
		D09E600D2B98C92D00129BEF /* view */ = {
			isa = PBXGroup;
			children = (
				D09E60112B98C9F300129BEF /* SigninView.swift */,
			);
			path = view;
			sourceTree = "<group>";
		};
		D09E600E2B98C93800129BEF /* Models */ = {
			isa = PBXGroup;
			children = (
			);
			path = Models;
			sourceTree = "<group>";
		};
/* End PBXGroup section */

/* Begin PBXNativeTarget section */
		D006C3052B98207200D02BD3 /* CartCollab */ = {
			isa = PBXNativeTarget;
			buildConfigurationList = D006C3142B98207400D02BD3 /* Build configuration list for PBXNativeTarget "CartCollab" */;
			buildPhases = (
				D006C3022B98207200D02BD3 /* Sources */,
				D006C3032B98207200D02BD3 /* Frameworks */,
				D006C3042B98207200D02BD3 /* Resources */,
			);
			buildRules = (
			);
			dependencies = (
			);
			name = CartCollab;
			productName = CartCollab;
			productReference = D006C3062B98207200D02BD3 /* CartCollab.app */;
			productType = "com.apple.product-type.application";
		};
/* End PBXNativeTarget section */

/* Begin PBXProject section */
		D006C2FE2B98207200D02BD3 /* Project object */ = {
			isa = PBXProject;
			attributes = {
				BuildIndependentTargetsInParallel = 1;
				LastSwiftUpdateCheck = 1520;
				LastUpgradeCheck = 1520;
				TargetAttributes = {
					D006C3052B98207200D02BD3 = {
						CreatedOnToolsVersion = 15.2;
					};
				};
			};
			buildConfigurationList = D006C3012B98207200D02BD3 /* Build configuration list for PBXProject "CartCollab" */;
			compatibilityVersion = "Xcode 14.0";
			developmentRegion = en;
			hasScannedForEncodings = 0;
			knownRegions = (
				en,
				Base,
			);
			mainGroup = D006C2FD2B98207200D02BD3;
			productRefGroup = D006C3072B98207200D02BD3 /* Products */;
			projectDirPath = "";
			projectRoot = "";
			targets = (
				D006C3052B98207200D02BD3 /* CartCollab */,
			);
		};
/* End PBXProject section */

/* Begin PBXResourcesBuildPhase section */
		D006C3042B98207200D02BD3 /* Resources */ = {
			isa = PBXResourcesBuildPhase;
			buildActionMask = 2147483647;
			files = (
				D006C3112B98207400D02BD3 /* Preview Assets.xcassets in Resources */,
				D006C30E2B98207400D02BD3 /* Assets.xcassets in Resources */,
			);
			runOnlyForDeploymentPostprocessing = 0;
		};
/* End PBXResourcesBuildPhase section */

/* Begin PBXSourcesBuildPhase section */
		D006C3022B98207200D02BD3 /* Sources */ = {
			isa = PBXSourcesBuildPhase;
			buildActionMask = 2147483647;
			files = (
				D006C30C2B98207200D02BD3 /* ContentView.swift in Sources */,
				D0A842FA2B9A25260089F9FF /* Card.swift in Sources */,
				D09E60142B98CA8400129BEF /* BottomBar.swift in Sources */,
				D006C30A2B98207200D02BD3 /* CartCollabApp.swift in Sources */,
				D09E60122B98C9F300129BEF /* SigninView.swift in Sources */,
				D09E60102B98C99F00129BEF /* CartListView.swift in Sources */,
			);
			runOnlyForDeploymentPostprocessing = 0;
		};
/* End PBXSourcesBuildPhase section */

/* Begin XCBuildConfiguration section */
		D006C3122B98207400D02BD3 /* Debug */ = {
			isa = XCBuildConfiguration;
			buildSettings = {
				ALWAYS_SEARCH_USER_PATHS = NO;
				ASSETCATALOG_COMPILER_GENERATE_SWIFT_ASSET_SYMBOL_EXTENSIONS = YES;
				CLANG_ANALYZER_NONNULL = YES;
				CLANG_ANALYZER_NUMBER_OBJECT_CONVERSION = YES_AGGRESSIVE;
				CLANG_CXX_LANGUAGE_STANDARD = "gnu++20";
				CLANG_ENABLE_MODULES = YES;
				CLANG_ENABLE_OBJC_ARC = YES;
				CLANG_ENABLE_OBJC_WEAK = YES;
				CLANG_WARN_BLOCK_CAPTURE_AUTORELEASING = YES;
				CLANG_WARN_BOOL_CONVERSION = YES;
				CLANG_WARN_COMMA = YES;
				CLANG_WARN_CONSTANT_CONVERSION = YES;
				CLANG_WARN_DEPRECATED_OBJC_IMPLEMENTATIONS = YES;
				CLANG_WARN_DIRECT_OBJC_ISA_USAGE = YES_ERROR;
				CLANG_WARN_DOCUMENTATION_COMMENTS = YES;
				CLANG_WARN_EMPTY_BODY = YES;
				CLANG_WARN_ENUM_CONVERSION = YES;
				CLANG_WARN_INFINITE_RECURSION = YES;
				CLANG_WARN_INT_CONVERSION = YES;
				CLANG_WARN_NON_LITERAL_NULL_CONVERSION = YES;
				CLANG_WARN_OBJC_IMPLICIT_RETAIN_SELF = YES;
				CLANG_WARN_OBJC_LITERAL_CONVERSION = YES;
				CLANG_WARN_OBJC_ROOT_CLASS = YES_ERROR;
				CLANG_WARN_QUOTED_INCLUDE_IN_FRAMEWORK_HEADER = YES;
				CLANG_WARN_RANGE_LOOP_ANALYSIS = YES;
				CLANG_WARN_STRICT_PROTOTYPES = YES;
				CLANG_WARN_SUSPICIOUS_MOVE = YES;
				CLANG_WARN_UNGUARDED_AVAILABILITY = YES_AGGRESSIVE;
				CLANG_WARN_UNREACHABLE_CODE = YES;
				CLANG_WARN__DUPLICATE_METHOD_MATCH = YES;
				COPY_PHASE_STRIP = NO;
				DEBUG_INFORMATION_FORMAT = dwarf;
				ENABLE_STRICT_OBJC_MSGSEND = YES;
				ENABLE_TESTABILITY = YES;
				ENABLE_USER_SCRIPT_SANDBOXING = YES;
				GCC_C_LANGUAGE_STANDARD = gnu17;
				GCC_DYNAMIC_NO_PIC = NO;
				GCC_NO_COMMON_BLOCKS = YES;
				GCC_OPTIMIZATION_LEVEL = 0;
				GCC_PREPROCESSOR_DEFINITIONS = (
					"DEBUG=1",
					"$(inherited)",
				);
				GCC_WARN_64_TO_32_BIT_CONVERSION = YES;
				GCC_WARN_ABOUT_RETURN_TYPE = YES_ERROR;
				GCC_WARN_UNDECLARED_SELECTOR = YES;
				GCC_WARN_UNINITIALIZED_AUTOS = YES_AGGRESSIVE;
				GCC_WARN_UNUSED_FUNCTION = YES;
				GCC_WARN_UNUSED_VARIABLE = YES;
				IPHONEOS_DEPLOYMENT_TARGET = 17.2;
				LOCALIZATION_PREFERS_STRING_CATALOGS = YES;
				MTL_ENABLE_DEBUG_INFO = INCLUDE_SOURCE;
				MTL_FAST_MATH = YES;
				ONLY_ACTIVE_ARCH = YES;
				SDKROOT = iphoneos;
				SWIFT_ACTIVE_COMPILATION_CONDITIONS = "DEBUG $(inherited)";
				SWIFT_OPTIMIZATION_LEVEL = "-Onone";
			};
			name = Debug;
		};
		D006C3132B98207400D02BD3 /* Release */ = {
			isa = XCBuildConfiguration;
			buildSettings = {
				ALWAYS_SEARCH_USER_PATHS = NO;
				ASSETCATALOG_COMPILER_GENERATE_SWIFT_ASSET_SYMBOL_EXTENSIONS = YES;
				CLANG_ANALYZER_NONNULL = YES;
				CLANG_ANALYZER_NUMBER_OBJECT_CONVERSION = YES_AGGRESSIVE;
				CLANG_CXX_LANGUAGE_STANDARD = "gnu++20";
				CLANG_ENABLE_MODULES = YES;
				CLANG_ENABLE_OBJC_ARC = YES;
				CLANG_ENABLE_OBJC_WEAK = YES;
				CLANG_WARN_BLOCK_CAPTURE_AUTORELEASING = YES;
				CLANG_WARN_BOOL_CONVERSION = YES;
				CLANG_WARN_COMMA = YES;
				CLANG_WARN_CONSTANT_CONVERSION = YES;
				CLANG_WARN_DEPRECATED_OBJC_IMPLEMENTATIONS = YES;
				CLANG_WARN_DIRECT_OBJC_ISA_USAGE = YES_ERROR;
				CLANG_WARN_DOCUMENTATION_COMMENTS = YES;
				CLANG_WARN_EMPTY_BODY = YES;
				CLANG_WARN_ENUM_CONVERSION = YES;
				CLANG_WARN_INFINITE_RECURSION = YES;
				CLANG_WARN_INT_CONVERSION = YES;
				CLANG_WARN_NON_LITERAL_NULL_CONVERSION = YES;
				CLANG_WARN_OBJC_IMPLICIT_RETAIN_SELF = YES;
				CLANG_WARN_OBJC_LITERAL_CONVERSION = YES;
				CLANG_WARN_OBJC_ROOT_CLASS = YES_ERROR;
				CLANG_WARN_QUOTED_INCLUDE_IN_FRAMEWORK_HEADER = YES;
				CLANG_WARN_RANGE_LOOP_ANALYSIS = YES;
				CLANG_WARN_STRICT_PROTOTYPES = YES;
				CLANG_WARN_SUSPICIOUS_MOVE = YES;
				CLANG_WARN_UNGUARDED_AVAILABILITY = YES_AGGRESSIVE;
				CLANG_WARN_UNREACHABLE_CODE = YES;
				CLANG_WARN__DUPLICATE_METHOD_MATCH = YES;
				COPY_PHASE_STRIP = NO;
				DEBUG_INFORMATION_FORMAT = "dwarf-with-dsym";
				ENABLE_NS_ASSERTIONS = NO;
				ENABLE_STRICT_OBJC_MSGSEND = YES;
				ENABLE_USER_SCRIPT_SANDBOXING = YES;
				GCC_C_LANGUAGE_STANDARD = gnu17;
				GCC_NO_COMMON_BLOCKS = YES;
				GCC_WARN_64_TO_32_BIT_CONVERSION = YES;
				GCC_WARN_ABOUT_RETURN_TYPE = YES_ERROR;
				GCC_WARN_UNDECLARED_SELECTOR = YES;
				GCC_WARN_UNINITIALIZED_AUTOS = YES_AGGRESSIVE;
				GCC_WARN_UNUSED_FUNCTION = YES;
				GCC_WARN_UNUSED_VARIABLE = YES;
				IPHONEOS_DEPLOYMENT_TARGET = 17.2;
				LOCALIZATION_PREFERS_STRING_CATALOGS = YES;
				MTL_ENABLE_DEBUG_INFO = NO;
				MTL_FAST_MATH = YES;
				SDKROOT = iphoneos;
				SWIFT_COMPILATION_MODE = wholemodule;
				VALIDATE_PRODUCT = YES;
			};
			name = Release;
		};
		D006C3152B98207400D02BD3 /* Debug */ = {
			isa = XCBuildConfiguration;
			buildSettings = {
				ASSETCATALOG_COMPILER_APPICON_NAME = AppIcon;
				ASSETCATALOG_COMPILER_GLOBAL_ACCENT_COLOR_NAME = AccentColor;
				CODE_SIGN_STYLE = Automatic;
				CURRENT_PROJECT_VERSION = 1;
				DEVELOPMENT_ASSET_PATHS = "\"CartCollab/Preview Content\"";
				ENABLE_PREVIEWS = YES;
				GENERATE_INFOPLIST_FILE = YES;
				INFOPLIST_KEY_UIApplicationSceneManifest_Generation = YES;
				INFOPLIST_KEY_UIApplicationSupportsIndirectInputEvents = YES;
				INFOPLIST_KEY_UILaunchScreen_Generation = YES;
				INFOPLIST_KEY_UISupportedInterfaceOrientations_iPad = "UIInterfaceOrientationPortrait UIInterfaceOrientationPortraitUpsideDown UIInterfaceOrientationLandscapeLeft UIInterfaceOrientationLandscapeRight";
				INFOPLIST_KEY_UISupportedInterfaceOrientations_iPhone = "UIInterfaceOrientationPortrait UIInterfaceOrientationLandscapeLeft UIInterfaceOrientationLandscapeRight";
				LD_RUNPATH_SEARCH_PATHS = (
					"$(inherited)",
					"@executable_path/Frameworks",
				);
				MARKETING_VERSION = 1.0;
				PRODUCT_BUNDLE_IDENTIFIER = com.example.apple.CartCollab;
				PRODUCT_NAME = "$(TARGET_NAME)";
				SWIFT_EMIT_LOC_STRINGS = YES;
				SWIFT_VERSION = 5.0;
				TARGETED_DEVICE_FAMILY = "1,2";
			};
			name = Debug;
		};
		D006C3162B98207400D02BD3 /* Release */ = {
			isa = XCBuildConfiguration;
			buildSettings = {
				ASSETCATALOG_COMPILER_APPICON_NAME = AppIcon;
				ASSETCATALOG_COMPILER_GLOBAL_ACCENT_COLOR_NAME = AccentColor;
				CODE_SIGN_STYLE = Automatic;
				CURRENT_PROJECT_VERSION = 1;
				DEVELOPMENT_ASSET_PATHS = "\"CartCollab/Preview Content\"";
				ENABLE_PREVIEWS = YES;
				GENERATE_INFOPLIST_FILE = YES;
				INFOPLIST_KEY_UIApplicationSceneManifest_Generation = YES;
				INFOPLIST_KEY_UIApplicationSupportsIndirectInputEvents = YES;
				INFOPLIST_KEY_UILaunchScreen_Generation = YES;
				INFOPLIST_KEY_UISupportedInterfaceOrientations_iPad = "UIInterfaceOrientationPortrait UIInterfaceOrientationPortraitUpsideDown UIInterfaceOrientationLandscapeLeft UIInterfaceOrientationLandscapeRight";
				INFOPLIST_KEY_UISupportedInterfaceOrientations_iPhone = "UIInterfaceOrientationPortrait UIInterfaceOrientationLandscapeLeft UIInterfaceOrientationLandscapeRight";
				LD_RUNPATH_SEARCH_PATHS = (
					"$(inherited)",
					"@executable_path/Frameworks",
				);
				MARKETING_VERSION = 1.0;
				PRODUCT_BUNDLE_IDENTIFIER = com.example.apple.CartCollab;
				PRODUCT_NAME = "$(TARGET_NAME)";
				SWIFT_EMIT_LOC_STRINGS = YES;
				SWIFT_VERSION = 5.0;
				TARGETED_DEVICE_FAMILY = "1,2";
			};
			name = Release;
		};
/* End XCBuildConfiguration section */

/* Begin XCConfigurationList section */
		D006C3012B98207200D02BD3 /* Build configuration list for PBXProject "CartCollab" */ = {
			isa = XCConfigurationList;
			buildConfigurations = (
				D006C3122B98207400D02BD3 /* Debug */,
				D006C3132B98207400D02BD3 /* Release */,
			);
			defaultConfigurationIsVisible = 0;
			defaultConfigurationName = Release;
		};
		D006C3142B98207400D02BD3 /* Build configuration list for PBXNativeTarget "CartCollab" */ = {
			isa = XCConfigurationList;
			buildConfigurations = (
				D006C3152B98207400D02BD3 /* Debug */,
				D006C3162B98207400D02BD3 /* Release */,
			);
			defaultConfigurationIsVisible = 0;
			defaultConfigurationName = Release;
		};
/* End XCConfigurationList section */
	};
	rootObject = D006C2FE2B98207200D02BD3 /* Project object */;
}
